github.com/Devpatel1901/cards/v2 v2.0.0 h1:lgNp7AMHVzCPI0CsI2g1xi9FZn3s3L0Aid4Gw1hXIRE=
github.com/Devpatel1901/cards/v2 v2.0.0/go.mod h1:7nzIs0AT9snB1i6Oi/6jUGwnBCYHWjjxkPGUqs2LMjQ=
github.com/logrusorgru/aurora v2.0.3+incompatible h1:tOpm7WcpBTn4fjmVfgpQq0EfczGlG91VSDkswnjF5A8=
github.com/logrusorgru/aurora v2.0.3+incompatible/go.mod h1:7rIyQOR62GCctdiQpZ/zOJlFyk6y+94wXzv6RNZgaR4=
